
Microsoft Visual Studio Solution File, Format Version 12.00
# Visual Studio Version 17
VisualStudioVersion = 17.0.31912.275
MinimumVisualStudioVersion = 10.0.40219.1
Project("{9A19103F-16F7-4668-BE54-9A1E7A4F7556}") = "ASCOM_TEST", "ASCOM_TEST\ASCOM_TEST.csproj", "{544417DB-1B96-4025-8414-FD6AFCC10FC1}"
EndProject
Global
	GlobalSection(SolutionConfigurationPlatforms) = preSolution
		Debug|Any CPU = Debug|Any CPU
		Release|Any CPU = Release|Any CPU
	EndGlobalSection
	GlobalSection(ProjectConfigurationPlatforms) = postSolution
		{544417DB-1B96-4025-8414-FD6AFCC10FC1}.Debug|Any CPU.ActiveCfg = Debug|Any CPU
		{544417DB-1B96-4025-8414-FD6AFCC10FC1}.Debug|Any CPU.Build.0 = Debug|Any CPU
		{544417DB-1B96-4025-8414-FD6AFCC10FC1}.Release|Any CPU.ActiveCfg = Release|Any CPU
		{544417DB-1B96-4025-8414-FD6AFCC10FC1}.Release|Any CPU.Build.0 = Release|Any CPU
	EndGlobalSection
	GlobalSection(SolutionProperties) = preSolution
		HideSolutionNode = FALSE
	EndGlobalSection
	GlobalSection(ExtensibilityGlobals) = postSolution
		SolutionGuid = {CE5AA3E2-FF8A-4EDB-9092-08E339B0EB40}
	EndGlobalSection
EndGlobal
